
Microsoft Visual Studio Solution File, Format Version 12.00
# Visual Studio 14
VisualStudioVersion = 14.0.22609.0
MinimumVisualStudioVersion = 10.0.40219.1
Project("{FAE04EC0-301F-11D3-BF4B-00C04F79EFBC}") = "GosuBoard.Web", "GosuBoard.Web\GosuBoard.Web.csproj", "{20FF2768-1416-49DF-A59F-195A87BDBE11}"
EndProject
Project("{2150E333-8FDC-42A3-9474-1A3956D46DE8}") = "PublishScripts", "PublishScripts", "{7D181AB6-6286-4940-95AF-D0C899902677}"
	ProjectSection(SolutionItems) = preProject
		PublishScripts\AzureWebsitePublishModule.psm1 = PublishScripts\AzureWebsitePublishModule.psm1
		PublishScripts\Publish-WebApplicationWebsite.ps1 = PublishScripts\Publish-WebApplicationWebsite.ps1
	EndProjectSection
EndProject
Project("{2150E333-8FDC-42A3-9474-1A3956D46DE8}") = "Configurations", "Configurations", "{BF312677-372C-4FDA-B6B1-ADB56FD2C93D}"
	ProjectSection(SolutionItems) = preProject
		PublishScripts\Configurations\GosuBoardWeb-WAWS-dev.json = PublishScripts\Configurations\GosuBoardWeb-WAWS-dev.json
	EndProjectSection
EndProject
Global
	GlobalSection(SolutionConfigurationPlatforms) = preSolution
		Debug|Any CPU = Debug|Any CPU
		Release|Any CPU = Release|Any CPU
	EndGlobalSection
	GlobalSection(ProjectConfigurationPlatforms) = postSolution
		{20FF2768-1416-49DF-A59F-195A87BDBE11}.Debug|Any CPU.ActiveCfg = Debug|Any CPU
		{20FF2768-1416-49DF-A59F-195A87BDBE11}.Debug|Any CPU.Build.0 = Debug|Any CPU
		{20FF2768-1416-49DF-A59F-195A87BDBE11}.Release|Any CPU.ActiveCfg = Release|Any CPU
		{20FF2768-1416-49DF-A59F-195A87BDBE11}.Release|Any CPU.Build.0 = Release|Any CPU
	EndGlobalSection
	GlobalSection(SolutionProperties) = preSolution
		HideSolutionNode = FALSE
	EndGlobalSection
	GlobalSection(NestedProjects) = preSolution
		{BF312677-372C-4FDA-B6B1-ADB56FD2C93D} = {7D181AB6-6286-4940-95AF-D0C899902677}
	EndGlobalSection
EndGlobal
